
Microsoft Visual Studio Solution File, Format Version 12.00
# Visual Studio 2017
Project("{FAE04EC0-301F-11D3-BF4B-00C04F79EFBC}") = "Nuova cartella", "Nuova cartella.csproj", "{F1BCAD1A-7E67-190D-DFB4-BA427ED08EAC}"
EndProject
Global
	GlobalSection(SolutionConfigurationPlatforms) = preSolution
		Debug|Any CPU = Debug|Any CPU
		Release|Any CPU = Release|Any CPU
	EndGlobalSection
	GlobalSection(ProjectConfigurationPlatforms) = postSolution
		{F1BCAD1A-7E67-190D-DFB4-BA427ED08EAC}.Debug|Any CPU.ActiveCfg = Debug|Any CPU
		{F1BCAD1A-7E67-190D-DFB4-BA427ED08EAC}.Debug|Any CPU.Build.0 = Debug|Any CPU
		{F1BCAD1A-7E67-190D-DFB4-BA427ED08EAC}.Release|Any CPU.ActiveCfg = Release|Any CPU
		{F1BCAD1A-7E67-190D-DFB4-BA427ED08EAC}.Release|Any CPU.Build.0 = Release|Any CPU
	EndGlobalSection
	GlobalSection(SolutionProperties) = preSolution
		HideSolutionNode = FALSE
	EndGlobalSection
EndGlobal
